
Microsoft Visual Studio Solution File, Format Version 12.00
# Visual Studio Version 16
VisualStudioVersion = 16.0.30002.166
MinimumVisualStudioVersion = 10.0.40219.1
Project("{FAE04EC0-301F-11D3-BF4B-00C04F79EFBC}") = "Hamer.UWP", "Hamer\Hamer.UWP\Hamer.UWP.csproj", "{194C417F-113C-4756-9791-56B13106421D}"
EndProject
Project("{FAE04EC0-301F-11D3-BF4B-00C04F79EFBC}") = "Hamer.Android", "Hamer\Hamer.Android\Hamer.Android.csproj", "{10DFD271-02E7-47DD-9616-8F855F96ADD1}"
EndProject
Project("{FAE04EC0-301F-11D3-BF4B-00C04F79EFBC}") = "Hamer.iOS", "Hamer\Hamer.iOS\Hamer.iOS.csproj", "{D03EA594-FF7C-4132-97C8-74E9220FDC0B}"
EndProject
Project("{FAE04EC0-301F-11D3-BF4B-00C04F79EFBC}") = "Hamer", "Hamer\Hamer\Hamer.csproj", "{BFF12DB4-9B5C-4286-9276-52D1DDB71F1A}"
EndProject
Global
	GlobalSection(SolutionConfigurationPlatforms) = preSolution
		Debug|Any CPU = Debug|Any CPU
		Debug|ARM = Debug|ARM
		Debug|iPhone = Debug|iPhone
		Debug|iPhoneSimulator = Debug|iPhoneSimulator
		Debug|x64 = Debug|x64
		Debug|x86 = Debug|x86
		Release|Any CPU = Release|Any CPU
		Release|ARM = Release|ARM
		Release|iPhone = Release|iPhone
		Release|iPhoneSimulator = Release|iPhoneSimulator
		Release|x64 = Release|x64
		Release|x86 = Release|x86
	EndGlobalSection
	GlobalSection(ProjectConfigurationPlatforms) = postSolution
		{194C417F-113C-4756-9791-56B13106421D}.Debug|Any CPU.ActiveCfg = Debug|x86
		{194C417F-113C-4756-9791-56B13106421D}.Debug|Any CPU.Build.0 = Debug|x86
		{194C417F-113C-4756-9791-56B13106421D}.Debug|Any CPU.Deploy.0 = Debug|x86
		{194C417F-113C-4756-9791-56B13106421D}.Debug|ARM.ActiveCfg = Debug|ARM
		{194C417F-113C-4756-9791-56B13106421D}.Debug|ARM.Build.0 = Debug|ARM
		{194C417F-113C-4756-9791-56B13106421D}.Debug|ARM.Deploy.0 = Debug|ARM
		{194C417F-113C-4756-9791-56B13106421D}.Debug|iPhone.ActiveCfg = Debug|x86
		{194C417F-113C-4756-9791-56B13106421D}.Debug|iPhone.Build.0 = Debug|x86
		{194C417F-113C-4756-9791-56B13106421D}.Debug|iPhone.Deploy.0 = Debug|x86
		{194C417F-113C-4756-9791-56B13106421D}.Debug|iPhoneSimulator.ActiveCfg = Debug|x86
		{194C417F-113C-4756-9791-56B13106421D}.Debug|iPhoneSimulator.Build.0 = Debug|x86
		{194C417F-113C-4756-9791-56B13106421D}.Debug|iPhoneSimulator.Deploy.0 = Debug|x86
		{194C417F-113C-4756-9791-56B13106421D}.Debug|x64.ActiveCfg = Debug|x64
		{194C417F-113C-4756-9791-56B13106421D}.Debug|x64.Build.0 = Debug|x64
		{194C417F-113C-4756-9791-56B13106421D}.Debug|x64.Deploy.0 = Debug|x64
		{194C417F-113C-4756-9791-56B13106421D}.Debug|x86.ActiveCfg = Debug|x86
		{194C417F-113C-4756-9791-56B13106421D}.Debug|x86.Build.0 = Debug|x86
		{194C417F-113C-4756-9791-56B13106421D}.Debug|x86.Deploy.0 = Debug|x86
		{194C417F-113C-4756-9791-56B13106421D}.Release|Any CPU.ActiveCfg = Release|x86
		{194C417F-113C-4756-9791-56B13106421D}.Release|Any CPU.Build.0 = Release|x86
		{194C417F-113C-4756-9791-56B13106421D}.Release|Any CPU.Deploy.0 = Release|x86
		{194C417F-113C-4756-9791-56B13106421D}.Release|ARM.ActiveCfg = Release|ARM
		{194C417F-113C-4756-9791-56B13106421D}.Release|ARM.Build.0 = Release|ARM
		{194C417F-113C-4756-9791-56B13106421D}.Release|ARM.Deploy.0 = Release|ARM
		{194C417F-113C-4756-9791-56B13106421D}.Release|iPhone.ActiveCfg = Release|x86
		{194C417F-113C-4756-9791-56B13106421D}.Release|iPhone.Build.0 = Release|x86
		{194C417F-113C-4756-9791-56B13106421D}.Release|iPhone.Deploy.0 = Release|x86
		{194C417F-113C-4756-9791-56B13106421D}.Release|iPhoneSimulator.ActiveCfg = Release|x86
		{194C417F-113C-4756-9791-56B13106421D}.Release|iPhoneSimulator.Build.0 = Release|x86
		{194C417F-113C-4756-9791-56B13106421D}.Release|iPhoneSimulator.Deploy.0 = Release|x86
		{194C417F-113C-4756-9791-56B13106421D}.Release|x64.ActiveCfg = Release|x64
		{194C417F-113C-4756-9791-56B13106421D}.Release|x64.Build.0 = Release|x64
		{194C417F-113C-4756-9791-56B13106421D}.Release|x64.Deploy.0 = Release|x64
		{194C417F-113C-4756-9791-56B13106421D}.Release|x86.ActiveCfg = Release|x86
		{194C417F-113C-4756-9791-56B13106421D}.Release|x86.Build.0 = Release|x86
		{194C417F-113C-4756-9791-56B13106421D}.Release|x86.Deploy.0 = Release|x86
		{10DFD271-02E7-47DD-9616-8F855F96ADD1}.Debug|Any CPU.ActiveCfg = Debug|Any CPU
		{10DFD271-02E7-47DD-9616-8F855F96ADD1}.Debug|Any CPU.Build.0 = Debug|Any CPU
		{10DFD271-02E7-47DD-9616-8F855F96ADD1}.Debug|Any CPU.Deploy.0 = Debug|Any CPU
		{10DFD271-02E7-47DD-9616-8F855F96ADD1}.Debug|ARM.ActiveCfg = Debug|Any CPU
		{10DFD271-02E7-47DD-9616-8F855F96ADD1}.Debug|ARM.Build.0 = Debug|Any CPU
		{10DFD271-02E7-47DD-9616-8F855F96ADD1}.Debug|ARM.Deploy.0 = Debug|Any CPU
		{10DFD271-02E7-47DD-9616-8F855F96ADD1}.Debug|iPhone.ActiveCfg = Debug|Any CPU
		{10DFD271-02E7-47DD-9616-8F855F96ADD1}.Debug|iPhone.Build.0 = Debug|Any CPU
		{10DFD271-02E7-47DD-9616-8F855F96ADD1}.Debug|iPhone.Deploy.0 = Debug|Any CPU
		{10DFD271-02E7-47DD-9616-8F855F96ADD1}.Debug|iPhoneSimulator.ActiveCfg = Debug|Any CPU
		{10DFD271-02E7-47DD-9616-8F855F96ADD1}.Debug|iPhoneSimulator.Build.0 = Debug|Any CPU
		{10DFD271-02E7-47DD-9616-8F855F96ADD1}.Debug|iPhoneSimulator.Deploy.0 = Debug|Any CPU
		{10DFD271-02E7-47DD-9616-8F855F96ADD1}.Debug|x64.ActiveCfg = Debug|Any CPU
		{10DFD271-02E7-47DD-9616-8F855F96ADD1}.Debug|x64.Build.0 = Debug|Any CPU
		{10DFD271-02E7-47DD-9616-8F855F96ADD1}.Debug|x64.Deploy.0 = Debug|Any CPU
		{10DFD271-02E7-47DD-9616-8F855F96ADD1}.Debug|x86.ActiveCfg = Debug|Any CPU
		{10DFD271-02E7-47DD-9616-8F855F96ADD1}.Debug|x86.Build.0 = Debug|Any CPU
		{10DFD271-02E7-47DD-9616-8F855F96ADD1}.Debug|x86.Deploy.0 = Debug|Any CPU
		{10DFD271-02E7-47DD-9616-8F855F96ADD1}.Release|Any CPU.ActiveCfg = Release|Any CPU
		{10DFD271-02E7-47DD-9616-8F855F96ADD1}.Release|Any CPU.Build.0 = Release|Any CPU
		{10DFD271-02E7-47DD-9616-8F855F96ADD1}.Release|Any CPU.Deploy.0 = Release|Any CPU
		{10DFD271-02E7-47DD-9616-8F855F96ADD1}.Release|ARM.ActiveCfg = Release|Any CPU
		{10DFD271-02E7-47DD-9616-8F855F96ADD1}.Release|ARM.Build.0 = Release|Any CPU
		{10DFD271-02E7-47DD-9616-8F855F96ADD1}.Release|ARM.Deploy.0 = Release|Any CPU
		{10DFD271-02E7-47DD-9616-8F855F96ADD1}.Release|iPhone.ActiveCfg = Release|Any CPU
		{10DFD271-02E7-47DD-9616-8F855F96ADD1}.Release|iPhone.Build.0 = Release|Any CPU
		{10DFD271-02E7-47DD-9616-8F855F96ADD1}.Release|iPhone.Deploy.0 = Release|Any CPU
		{10DFD271-02E7-47DD-9616-8F855F96ADD1}.Release|iPhoneSimulator.ActiveCfg = Release|Any CPU
		{10DFD271-02E7-47DD-9616-8F855F96ADD1}.Release|iPhoneSimulator.Build.0 = Release|Any CPU
		{10DFD271-02E7-47DD-9616-8F855F96ADD1}.Release|iPhoneSimulator.Deploy.0 = Release|Any CPU
		{10DFD271-02E7-47DD-9616-8F855F96ADD1}.Release|x64.ActiveCfg = Release|Any CPU
		{10DFD271-02E7-47DD-9616-8F855F96ADD1}.Release|x64.Build.0 = Release|Any CPU
		{10DFD271-02E7-47DD-9616-8F855F96ADD1}.Release|x64.Deploy.0 = Release|Any CPU
		{10DFD271-02E7-47DD-9616-8F855F96ADD1}.Release|x86.ActiveCfg = Release|Any CPU
		{10DFD271-02E7-47DD-9616-8F855F96ADD1}.Release|x86.Build.0 = Release|Any CPU
		{10DFD271-02E7-47DD-9616-8F855F96ADD1}.Release|x86.Deploy.0 = Release|Any CPU
		{D03EA594-FF7C-4132-97C8-74E9220FDC0B}.Debug|Any CPU.ActiveCfg = Debug|iPhone
		{D03EA594-FF7C-4132-97C8-74E9220FDC0B}.Debug|Any CPU.Build.0 = Debug|iPhone
		{D03EA594-FF7C-4132-97C8-74E9220FDC0B}.Debug|Any CPU.Deploy.0 = Debug|iPhone
		{D03EA594-FF7C-4132-97C8-74E9220FDC0B}.Debug|ARM.ActiveCfg = Debug|iPhone
		{D03EA594-FF7C-4132-97C8-74E9220FDC0B}.Debug|ARM.Build.0 = Debug|iPhone
		{D03EA594-FF7C-4132-97C8-74E9220FDC0B}.Debug|ARM.Deploy.0 = Debug|iPhone
		{D03EA594-FF7C-4132-97C8-74E9220FDC0B}.Debug|iPhone.ActiveCfg = Debug|iPhone
		{D03EA594-FF7C-4132-97C8-74E9220FDC0B}.Debug|iPhone.Build.0 = Debug|iPhone
		{D03EA594-FF7C-4132-97C8-74E9220FDC0B}.Debug|iPhone.Deploy.0 = Debug|iPhone
		{D03EA594-FF7C-4132-97C8-74E9220FDC0B}.Debug|iPhoneSimulator.ActiveCfg = Debug|iPhoneSimulator
		{D03EA594-FF7C-4132-97C8-74E9220FDC0B}.Debug|iPhoneSimulator.Build.0 = Debug|iPhoneSimulator
		{D03EA594-FF7C-4132-97C8-74E9220FDC0B}.Debug|iPhoneSimulator.Deploy.0 = Debug|iPhoneSimulator
		{D03EA594-FF7C-4132-97C8-74E9220FDC0B}.Debug|x64.ActiveCfg = Debug|iPhone
		{D03EA594-FF7C-4132-97C8-74E9220FDC0B}.Debug|x64.Build.0 = Debug|iPhone
		{D03EA594-FF7C-4132-97C8-74E9220FDC0B}.Debug|x64.Deploy.0 = Debug|iPhone
		{D03EA594-FF7C-4132-97C8-74E9220FDC0B}.Debug|x86.ActiveCfg = Debug|iPhone
		{D03EA594-FF7C-4132-97C8-74E9220FDC0B}.Debug|x86.Build.0 = Debug|iPhone
		{D03EA594-FF7C-4132-97C8-74E9220FDC0B}.Debug|x86.Deploy.0 = Debug|iPhone
		{D03EA594-FF7C-4132-97C8-74E9220FDC0B}.Release|Any CPU.ActiveCfg = Release|iPhone
		{D03EA594-FF7C-4132-97C8-74E9220FDC0B}.Release|Any CPU.Build.0 = Release|iPhone
		{D03EA594-FF7C-4132-97C8-74E9220FDC0B}.Release|Any CPU.Deploy.0 = Release|iPhone
		{D03EA594-FF7C-4132-97C8-74E9220FDC0B}.Release|ARM.ActiveCfg = Release|iPhone
		{D03EA594-FF7C-4132-97C8-74E9220FDC0B}.Release|ARM.Build.0 = Release|iPhone
		{D03EA594-FF7C-4132-97C8-74E9220FDC0B}.Release|ARM.Deploy.0 = Release|iPhone
		{D03EA594-FF7C-4132-97C8-74E9220FDC0B}.Release|iPhone.ActiveCfg = Release|iPhone
		{D03EA594-FF7C-4132-97C8-74E9220FDC0B}.Release|iPhone.Build.0 = Release|iPhone
		{D03EA594-FF7C-4132-97C8-74E9220FDC0B}.Release|iPhone.Deploy.0 = Release|iPhone
		{D03EA594-FF7C-4132-97C8-74E9220FDC0B}.Release|iPhoneSimulator.ActiveCfg = Release|iPhoneSimulator
		{D03EA594-FF7C-4132-97C8-74E9220FDC0B}.Release|iPhoneSimulator.Build.0 = Release|iPhoneSimulator
		{D03EA594-FF7C-4132-97C8-74E9220FDC0B}.Release|iPhoneSimulator.Deploy.0 = Release|iPhoneSimulator
		{D03EA594-FF7C-4132-97C8-74E9220FDC0B}.Release|x64.ActiveCfg = Release|iPhone
		{D03EA594-FF7C-4132-97C8-74E9220FDC0B}.Release|x64.Build.0 = Release|iPhone
		{D03EA594-FF7C-4132-97C8-74E9220FDC0B}.Release|x64.Deploy.0 = Release|iPhone
		{D03EA594-FF7C-4132-97C8-74E9220FDC0B}.Release|x86.ActiveCfg = Release|iPhone
		{D03EA594-FF7C-4132-97C8-74E9220FDC0B}.Release|x86.Build.0 = Release|iPhone
		{D03EA594-FF7C-4132-97C8-74E9220FDC0B}.Release|x86.Deploy.0 = Release|iPhone
		{BFF12DB4-9B5C-4286-9276-52D1DDB71F1A}.Debug|Any CPU.ActiveCfg = Debug|Any CPU
		{BFF12DB4-9B5C-4286-9276-52D1DDB71F1A}.Debug|Any CPU.Build.0 = Debug|Any CPU
		{BFF12DB4-9B5C-4286-9276-52D1DDB71F1A}.Debug|Any CPU.Deploy.0 = Debug|Any CPU
		{BFF12DB4-9B5C-4286-9276-52D1DDB71F1A}.Debug|ARM.ActiveCfg = Debug|Any CPU
		{BFF12DB4-9B5C-4286-9276-52D1DDB71F1A}.Debug|ARM.Build.0 = Debug|Any CPU
		{BFF12DB4-9B5C-4286-9276-52D1DDB71F1A}.Debug|ARM.Deploy.0 = Debug|Any CPU
		{BFF12DB4-9B5C-4286-9276-52D1DDB71F1A}.Debug|iPhone.ActiveCfg = Debug|Any CPU
		{BFF12DB4-9B5C-4286-9276-52D1DDB71F1A}.Debug|iPhone.Build.0 = Debug|Any CPU
		{BFF12DB4-9B5C-4286-9276-52D1DDB71F1A}.Debug|iPhone.Deploy.0 = Debug|Any CPU
		{BFF12DB4-9B5C-4286-9276-52D1DDB71F1A}.Debug|iPhoneSimulator.ActiveCfg = Debug|Any CPU
		{BFF12DB4-9B5C-4286-9276-52D1DDB71F1A}.Debug|iPhoneSimulator.Build.0 = Debug|Any CPU
		{BFF12DB4-9B5C-4286-9276-52D1DDB71F1A}.Debug|iPhoneSimulator.Deploy.0 = Debug|Any CPU
		{BFF12DB4-9B5C-4286-9276-52D1DDB71F1A}.Debug|x64.ActiveCfg = Debug|Any CPU
		{BFF12DB4-9B5C-4286-9276-52D1DDB71F1A}.Debug|x64.Build.0 = Debug|Any CPU
		{BFF12DB4-9B5C-4286-9276-52D1DDB71F1A}.Debug|x64.Deploy.0 = Debug|Any CPU
		{BFF12DB4-9B5C-4286-9276-52D1DDB71F1A}.Debug|x86.ActiveCfg = Debug|Any CPU
		{BFF12DB4-9B5C-4286-9276-52D1DDB71F1A}.Debug|x86.Build.0 = Debug|Any CPU
		{BFF12DB4-9B5C-4286-9276-52D1DDB71F1A}.Debug|x86.Deploy.0 = Debug|Any CPU
		{BFF12DB4-9B5C-4286-9276-52D1DDB71F1A}.Release|Any CPU.ActiveCfg = Release|Any CPU
		{BFF12DB4-9B5C-4286-9276-52D1DDB71F1A}.Release|Any CPU.Build.0 = Release|Any CPU
		{BFF12DB4-9B5C-4286-9276-52D1DDB71F1A}.Release|Any CPU.Deploy.0 = Release|Any CPU
		{BFF12DB4-9B5C-4286-9276-52D1DDB71F1A}.Release|ARM.ActiveCfg = Release|Any CPU
		{BFF12DB4-9B5C-4286-9276-52D1DDB71F1A}.Release|ARM.Build.0 = Release|Any CPU
		{BFF12DB4-9B5C-4286-9276-52D1DDB71F1A}.Release|ARM.Deploy.0 = Release|Any CPU
		{BFF12DB4-9B5C-4286-9276-52D1DDB71F1A}.Release|iPhone.ActiveCfg = Release|Any CPU
		{BFF12DB4-9B5C-4286-9276-52D1DDB71F1A}.Release|iPhone.Build.0 = Release|Any CPU
		{BFF12DB4-9B5C-4286-9276-52D1DDB71F1A}.Release|iPhone.Deploy.0 = Release|Any CPU
		{BFF12DB4-9B5C-4286-9276-52D1DDB71F1A}.Release|iPhoneSimulator.ActiveCfg = Release|Any CPU
		{BFF12DB4-9B5C-4286-9276-52D1DDB71F1A}.Release|iPhoneSimulator.Build.0 = Release|Any CPU
		{BFF12DB4-9B5C-4286-9276-52D1DDB71F1A}.Release|iPhoneSimulator.Deploy.0 = Release|Any CPU
		{BFF12DB4-9B5C-4286-9276-52D1DDB71F1A}.Release|x64.ActiveCfg = Release|Any CPU
		{BFF12DB4-9B5C-4286-9276-52D1DDB71F1A}.Release|x64.Build.0 = Release|Any CPU
		{BFF12DB4-9B5C-4286-9276-52D1DDB71F1A}.Release|x64.Deploy.0 = Release|Any CPU
		{BFF12DB4-9B5C-4286-9276-52D1DDB71F1A}.Release|x86.ActiveCfg = Release|Any CPU
		{BFF12DB4-9B5C-4286-9276-52D1DDB71F1A}.Release|x86.Build.0 = Release|Any CPU
		{BFF12DB4-9B5C-4286-9276-52D1DDB71F1A}.Release|x86.Deploy.0 = Release|Any CPU
	EndGlobalSection
	GlobalSection(SolutionProperties) = preSolution
		HideSolutionNode = FALSE
	EndGlobalSection
	GlobalSection(ExtensibilityGlobals) = postSolution
		SolutionGuid = {E277F46F-4F4F-45EF-BCAC-4472D109E386}
	EndGlobalSection
EndGlobal
